// !$*UTF8*$!
{
	archiveVersion = 1;
	classes = {
	};
	objectVersion = 50;
	objects = {

/* Begin PBXBuildFile section */
		37347C83D04FDA99D1899A59 /* Pods_GlovoChallenge.framework in Frameworks */ = {isa = PBXBuildFile; fileRef = 44DB448A77ED54ADBCC5555D /* Pods_GlovoChallenge.framework */; };
		7431B8DC20F3F1EA00AA7FF9 /* AppDelegate.swift in Sources */ = {isa = PBXBuildFile; fileRef = 7431B8DB20F3F1EA00AA7FF9 /* AppDelegate.swift */; };
		7431B8E120F3F1EA00AA7FF9 /* Main.storyboard in Resources */ = {isa = PBXBuildFile; fileRef = 7431B8DF20F3F1EA00AA7FF9 /* Main.storyboard */; };
		7431B8E320F3F1EC00AA7FF9 /* Assets.xcassets in Resources */ = {isa = PBXBuildFile; fileRef = 7431B8E220F3F1EC00AA7FF9 /* Assets.xcassets */; };
		7431B8E620F3F1EC00AA7FF9 /* LaunchScreen.storyboard in Resources */ = {isa = PBXBuildFile; fileRef = 7431B8E420F3F1EC00AA7FF9 /* LaunchScreen.storyboard */; };
		7431B8F620F403BE00AA7FF9 /* City.swift in Sources */ = {isa = PBXBuildFile; fileRef = 7431B8F520F403BE00AA7FF9 /* City.swift */; };
		7431B8F820F403E700AA7FF9 /* Country.swift in Sources */ = {isa = PBXBuildFile; fileRef = 7431B8F720F403E700AA7FF9 /* Country.swift */; };
		7431B8FA20F40E0900AA7FF9 /* Repository.swift in Sources */ = {isa = PBXBuildFile; fileRef = 7431B8F920F40E0900AA7FF9 /* Repository.swift */; };
		7431B8FC20F40FB700AA7FF9 /* APIEndpointConfig.swift in Sources */ = {isa = PBXBuildFile; fileRef = 7431B8FB20F40FB700AA7FF9 /* APIEndpointConfig.swift */; };
		7431B8FE20F410FE00AA7FF9 /* GlovoEndpoint.swift in Sources */ = {isa = PBXBuildFile; fileRef = 7431B8FD20F410FE00AA7FF9 /* GlovoEndpoint.swift */; };
		7431B90020F4306B00AA7FF9 /* Constants.swift in Sources */ = {isa = PBXBuildFile; fileRef = 7431B8FF20F4306B00AA7FF9 /* Constants.swift */; };
		7431B90220F4321700AA7FF9 /* CitiesViewModel.swift in Sources */ = {isa = PBXBuildFile; fileRef = 7431B90120F4321700AA7FF9 /* CitiesViewModel.swift */; };
		7431B90620F4323700AA7FF9 /* CitiesViewController.swift in Sources */ = {isa = PBXBuildFile; fileRef = 7431B90520F4323700AA7FF9 /* CitiesViewController.swift */; };
		7431B90A20F46BB500AA7FF9 /* CityDetailView.swift in Sources */ = {isa = PBXBuildFile; fileRef = 7431B90920F46BB500AA7FF9 /* CityDetailView.swift */; };
		7431B90C20F5058E00AA7FF9 /* SelectCityViewController.swift in Sources */ = {isa = PBXBuildFile; fileRef = 7431B90B20F5058E00AA7FF9 /* SelectCityViewController.swift */; };
/* End PBXBuildFile section */

/* Begin PBXFileReference section */
		44DB448A77ED54ADBCC5555D /* Pods_GlovoChallenge.framework */ = {isa = PBXFileReference; explicitFileType = wrapper.framework; includeInIndex = 0; path = Pods_GlovoChallenge.framework; sourceTree = BUILT_PRODUCTS_DIR; };
		7431B8D820F3F1EA00AA7FF9 /* GlovoChallenge.app */ = {isa = PBXFileReference; explicitFileType = wrapper.application; includeInIndex = 0; path = GlovoChallenge.app; sourceTree = BUILT_PRODUCTS_DIR; };
		7431B8DB20F3F1EA00AA7FF9 /* AppDelegate.swift */ = {isa = PBXFileReference; lastKnownFileType = sourcecode.swift; path = AppDelegate.swift; sourceTree = "<group>"; };
		7431B8E020F3F1EA00AA7FF9 /* Base */ = {isa = PBXFileReference; lastKnownFileType = file.storyboard; name = Base; path = Base.lproj/Main.storyboard; sourceTree = "<group>"; };
		7431B8E220F3F1EC00AA7FF9 /* Assets.xcassets */ = {isa = PBXFileReference; lastKnownFileType = folder.assetcatalog; path = Assets.xcassets; sourceTree = "<group>"; };
		7431B8E520F3F1EC00AA7FF9 /* Base */ = {isa = PBXFileReference; lastKnownFileType = file.storyboard; name = Base; path = Base.lproj/LaunchScreen.storyboard; sourceTree = "<group>"; };
		7431B8E720F3F1EC00AA7FF9 /* Info.plist */ = {isa = PBXFileReference; lastKnownFileType = text.plist.xml; path = Info.plist; sourceTree = "<group>"; };
		7431B8F520F403BE00AA7FF9 /* City.swift */ = {isa = PBXFileReference; lastKnownFileType = sourcecode.swift; path = City.swift; sourceTree = "<group>"; };
		7431B8F720F403E700AA7FF9 /* Country.swift */ = {isa = PBXFileReference; lastKnownFileType = sourcecode.swift; path = Country.swift; sourceTree = "<group>"; };
		7431B8F920F40E0900AA7FF9 /* Repository.swift */ = {isa = PBXFileReference; lastKnownFileType = sourcecode.swift; path = Repository.swift; sourceTree = "<group>"; };
		7431B8FB20F40FB700AA7FF9 /* APIEndpointConfig.swift */ = {isa = PBXFileReference; lastKnownFileType = sourcecode.swift; path = APIEndpointConfig.swift; sourceTree = "<group>"; };
		7431B8FD20F410FE00AA7FF9 /* GlovoEndpoint.swift */ = {isa = PBXFileReference; lastKnownFileType = sourcecode.swift; path = GlovoEndpoint.swift; sourceTree = "<group>"; };
		7431B8FF20F4306B00AA7FF9 /* Constants.swift */ = {isa = PBXFileReference; lastKnownFileType = sourcecode.swift; path = Constants.swift; sourceTree = "<group>"; };
		7431B90120F4321700AA7FF9 /* CitiesViewModel.swift */ = {isa = PBXFileReference; lastKnownFileType = sourcecode.swift; path = CitiesViewModel.swift; sourceTree = "<group>"; };
		7431B90520F4323700AA7FF9 /* CitiesViewController.swift */ = {isa = PBXFileReference; lastKnownFileType = sourcecode.swift; path = CitiesViewController.swift; sourceTree = "<group>"; };
		7431B90920F46BB500AA7FF9 /* CityDetailView.swift */ = {isa = PBXFileReference; lastKnownFileType = sourcecode.swift; path = CityDetailView.swift; sourceTree = "<group>"; };
		7431B90B20F5058E00AA7FF9 /* SelectCityViewController.swift */ = {isa = PBXFileReference; lastKnownFileType = sourcecode.swift; path = SelectCityViewController.swift; sourceTree = "<group>"; };
		BDD3B2991CA96211B488D3B2 /* Pods-GlovoChallenge.release.xcconfig */ = {isa = PBXFileReference; includeInIndex = 1; lastKnownFileType = text.xcconfig; name = "Pods-GlovoChallenge.release.xcconfig"; path = "Pods/Target Support Files/Pods-GlovoChallenge/Pods-GlovoChallenge.release.xcconfig"; sourceTree = "<group>"; };
		CBDC46A2059F1B469C728E62 /* Pods-GlovoChallenge.debug.xcconfig */ = {isa = PBXFileReference; includeInIndex = 1; lastKnownFileType = text.xcconfig; name = "Pods-GlovoChallenge.debug.xcconfig"; path = "Pods/Target Support Files/Pods-GlovoChallenge/Pods-GlovoChallenge.debug.xcconfig"; sourceTree = "<group>"; };
/* End PBXFileReference section */

/* Begin PBXFrameworksBuildPhase section */
		7431B8D520F3F1EA00AA7FF9 /* Frameworks */ = {
			isa = PBXFrameworksBuildPhase;
			buildActionMask = 2147483647;
			files = (
				37347C83D04FDA99D1899A59 /* Pods_GlovoChallenge.framework in Frameworks */,
			);
			runOnlyForDeploymentPostprocessing = 0;
		};
/* End PBXFrameworksBuildPhase section */

/* Begin PBXGroup section */
		7431B8CF20F3F1EA00AA7FF9 = {
			isa = PBXGroup;
			children = (
				7431B8DA20F3F1EA00AA7FF9 /* GlovoChallenge */,
				7431B8D920F3F1EA00AA7FF9 /* Products */,
				E4E9D9E455F36FB6E1DD085D /* Pods */,
				769F2D5485065FD58F451888 /* Frameworks */,
			);
			sourceTree = "<group>";
		};
		7431B8D920F3F1EA00AA7FF9 /* Products */ = {
			isa = PBXGroup;
			children = (
				7431B8D820F3F1EA00AA7FF9 /* GlovoChallenge.app */,
			);
			name = Products;
			sourceTree = "<group>";
		};
		7431B8DA20F3F1EA00AA7FF9 /* GlovoChallenge */ = {
			isa = PBXGroup;
			children = (
				7431B8DB20F3F1EA00AA7FF9 /* AppDelegate.swift */,
				7431B8F020F401C200AA7FF9 /* Model */,
				7431B8F120F401CA00AA7FF9 /* View */,
				7431B8F220F401D500AA7FF9 /* ViewModel */,
				7431B8F320F401DF00AA7FF9 /* Repository */,
				7431B8F420F4026C00AA7FF9 /* Utils */,
				7431B8DF20F3F1EA00AA7FF9 /* Main.storyboard */,
				7431B8E420F3F1EC00AA7FF9 /* LaunchScreen.storyboard */,
				7431B8E220F3F1EC00AA7FF9 /* Assets.xcassets */,
				7431B8E720F3F1EC00AA7FF9 /* Info.plist */,
			);
			path = GlovoChallenge;
			sourceTree = "<group>";
		};
		7431B8F020F401C200AA7FF9 /* Model */ = {
			isa = PBXGroup;
			children = (
				7431B8F520F403BE00AA7FF9 /* City.swift */,
				7431B8F720F403E700AA7FF9 /* Country.swift */,
			);
			path = Model;
			sourceTree = "<group>";
		};
		7431B8F120F401CA00AA7FF9 /* View */ = {
			isa = PBXGroup;
			children = (
				7431B90520F4323700AA7FF9 /* CitiesViewController.swift */,
				7431B90B20F5058E00AA7FF9 /* SelectCityViewController.swift */,
				7431B90920F46BB500AA7FF9 /* CityDetailView.swift */,
			);
			path = View;
			sourceTree = "<group>";
		};
		7431B8F220F401D500AA7FF9 /* ViewModel */ = {
			isa = PBXGroup;
			children = (
				7431B90120F4321700AA7FF9 /* CitiesViewModel.swift */,
			);
			path = ViewModel;
			sourceTree = "<group>";
		};
		7431B8F320F401DF00AA7FF9 /* Repository */ = {
			isa = PBXGroup;
			children = (
				7431B8FB20F40FB700AA7FF9 /* APIEndpointConfig.swift */,
				7431B8FD20F410FE00AA7FF9 /* GlovoEndpoint.swift */,
				7431B8F920F40E0900AA7FF9 /* Repository.swift */,
			);
			path = Repository;
			sourceTree = "<group>";
		};
		7431B8F420F4026C00AA7FF9 /* Utils */ = {
			isa = PBXGroup;
			children = (
				7431B8FF20F4306B00AA7FF9 /* Constants.swift */,
			);
			path = Utils;
			sourceTree = "<group>";
		};
		769F2D5485065FD58F451888 /* Frameworks */ = {
			isa = PBXGroup;
			children = (
				44DB448A77ED54ADBCC5555D /* Pods_GlovoChallenge.framework */,
			);
			name = Frameworks;
			sourceTree = "<group>";
		};
		E4E9D9E455F36FB6E1DD085D /* Pods */ = {
			isa = PBXGroup;
			children = (
				CBDC46A2059F1B469C728E62 /* Pods-GlovoChallenge.debug.xcconfig */,
				BDD3B2991CA96211B488D3B2 /* Pods-GlovoChallenge.release.xcconfig */,
			);
			name = Pods;
			sourceTree = "<group>";
		};
/* End PBXGroup section */

/* Begin PBXNativeTarget section */
		7431B8D720F3F1EA00AA7FF9 /* GlovoChallenge */ = {
			isa = PBXNativeTarget;
			buildConfigurationList = 7431B8EA20F3F1EC00AA7FF9 /* Build configuration list for PBXNativeTarget "GlovoChallenge" */;
			buildPhases = (
				11BF3092DBAB4E2DDC05A625 /* [CP] Check Pods Manifest.lock */,
				7431B8D420F3F1EA00AA7FF9 /* Sources */,
				7431B8D520F3F1EA00AA7FF9 /* Frameworks */,
				7431B8D620F3F1EA00AA7FF9 /* Resources */,
				3BF0CD42D88F19AB195202A4 /* [CP] Embed Pods Frameworks */,
				2D10B24C0B606CA90BBF4DDE /* [CP] Copy Pods Resources */,
			);
			buildRules = (
			);
			dependencies = (
			);
			name = GlovoChallenge;
			productName = GlovoChallenge;
			productReference = 7431B8D820F3F1EA00AA7FF9 /* GlovoChallenge.app */;
			productType = "com.apple.product-type.application";
		};
/* End PBXNativeTarget section */

/* Begin PBXProject section */
		7431B8D020F3F1EA00AA7FF9 /* Project object */ = {
			isa = PBXProject;
			attributes = {
				LastSwiftUpdateCheck = 0940;
				LastUpgradeCheck = 0940;
				ORGANIZATIONNAME = "Jesus Santa Olalla";
				TargetAttributes = {
					7431B8D720F3F1EA00AA7FF9 = {
						CreatedOnToolsVersion = 9.4.1;
					};
				};
			};
			buildConfigurationList = 7431B8D320F3F1EA00AA7FF9 /* Build configuration list for PBXProject "GlovoChallenge" */;
			compatibilityVersion = "Xcode 9.3";
			developmentRegion = en;
			hasScannedForEncodings = 0;
			knownRegions = (
				en,
				Base,
			);
			mainGroup = 7431B8CF20F3F1EA00AA7FF9;
			productRefGroup = 7431B8D920F3F1EA00AA7FF9 /* Products */;
			projectDirPath = "";
			projectRoot = "";
			targets = (
				7431B8D720F3F1EA00AA7FF9 /* GlovoChallenge */,
			);
		};
/* End PBXProject section */

/* Begin PBXResourcesBuildPhase section */
		7431B8D620F3F1EA00AA7FF9 /* Resources */ = {
			isa = PBXResourcesBuildPhase;
			buildActionMask = 2147483647;
			files = (
				7431B8E620F3F1EC00AA7FF9 /* LaunchScreen.storyboard in Resources */,
				7431B8E320F3F1EC00AA7FF9 /* Assets.xcassets in Resources */,
				7431B8E120F3F1EA00AA7FF9 /* Main.storyboard in Resources */,
			);
			runOnlyForDeploymentPostprocessing = 0;
		};
/* End PBXResourcesBuildPhase section */

/* Begin PBXShellScriptBuildPhase section */
		11BF3092DBAB4E2DDC05A625 /* [CP] Check Pods Manifest.lock */ = {
			isa = PBXShellScriptBuildPhase;
			buildActionMask = 2147483647;
			files = (
			);
			inputPaths = (
				"${PODS_PODFILE_DIR_PATH}/Podfile.lock",
				"${PODS_ROOT}/Manifest.lock",
			);
			name = "[CP] Check Pods Manifest.lock";
			outputPaths = (
				"$(DERIVED_FILE_DIR)/Pods-GlovoChallenge-checkManifestLockResult.txt",
			);
			runOnlyForDeploymentPostprocessing = 0;
			shellPath = /bin/sh;
			shellScript = "diff \"${PODS_PODFILE_DIR_PATH}/Podfile.lock\" \"${PODS_ROOT}/Manifest.lock\" > /dev/null\nif [ $? != 0 ] ; then\n    # print error to STDERR\n    echo \"error: The sandbox is not in sync with the Podfile.lock. Run 'pod install' or update your CocoaPods installation.\" >&2\n    exit 1\nfi\n# This output is used by Xcode 'outputs' to avoid re-running this script phase.\necho \"SUCCESS\" > \"${SCRIPT_OUTPUT_FILE_0}\"\n";
			showEnvVarsInLog = 0;
		};
		2D10B24C0B606CA90BBF4DDE /* [CP] Copy Pods Resources */ = {
			isa = PBXShellScriptBuildPhase;
			buildActionMask = 2147483647;
			files = (
			);
			inputPaths = (
				"${SRCROOT}/Pods/Target Support Files/Pods-GlovoChallenge/Pods-GlovoChallenge-resources.sh",
				"${PODS_ROOT}/GoogleMaps/Maps/Frameworks/GoogleMaps.framework/Resources/GoogleMaps.bundle",
			);
			name = "[CP] Copy Pods Resources";
			outputPaths = (
				"${TARGET_BUILD_DIR}/${UNLOCALIZED_RESOURCES_FOLDER_PATH}/GoogleMaps.bundle",
			);
			runOnlyForDeploymentPostprocessing = 0;
			shellPath = /bin/sh;
			shellScript = "\"${SRCROOT}/Pods/Target Support Files/Pods-GlovoChallenge/Pods-GlovoChallenge-resources.sh\"\n";
			showEnvVarsInLog = 0;
		};
		3BF0CD42D88F19AB195202A4 /* [CP] Embed Pods Frameworks */ = {
			isa = PBXShellScriptBuildPhase;
			buildActionMask = 2147483647;
			files = (
			);
			inputPaths = (
				"${SRCROOT}/Pods/Target Support Files/Pods-GlovoChallenge/Pods-GlovoChallenge-frameworks.sh",
				"${BUILT_PRODUCTS_DIR}/Alamofire/Alamofire.framework",
				"${BUILT_PRODUCTS_DIR}/Bond/Bond.framework",
				"${BUILT_PRODUCTS_DIR}/Differ/Differ.framework",
				"${BUILT_PRODUCTS_DIR}/ReactiveKit/ReactiveKit.framework",
				"${BUILT_PRODUCTS_DIR}/SnapKit/SnapKit.framework",
			);
			name = "[CP] Embed Pods Frameworks";
			outputPaths = (
				"${TARGET_BUILD_DIR}/${FRAMEWORKS_FOLDER_PATH}/Alamofire.framework",
				"${TARGET_BUILD_DIR}/${FRAMEWORKS_FOLDER_PATH}/Bond.framework",
				"${TARGET_BUILD_DIR}/${FRAMEWORKS_FOLDER_PATH}/Differ.framework",
				"${TARGET_BUILD_DIR}/${FRAMEWORKS_FOLDER_PATH}/ReactiveKit.framework",
				"${TARGET_BUILD_DIR}/${FRAMEWORKS_FOLDER_PATH}/SnapKit.framework",
			);
			runOnlyForDeploymentPostprocessing = 0;
			shellPath = /bin/sh;
			shellScript = "\"${SRCROOT}/Pods/Target Support Files/Pods-GlovoChallenge/Pods-GlovoChallenge-frameworks.sh\"\n";
			showEnvVarsInLog = 0;
		};
/* End PBXShellScriptBuildPhase section */

/* Begin PBXSourcesBuildPhase section */
		7431B8D420F3F1EA00AA7FF9 /* Sources */ = {
			isa = PBXSourcesBuildPhase;
			buildActionMask = 2147483647;
			files = (
				7431B90A20F46BB500AA7FF9 /* CityDetailView.swift in Sources */,
				7431B8FE20F410FE00AA7FF9 /* GlovoEndpoint.swift in Sources */,
				7431B90620F4323700AA7FF9 /* CitiesViewController.swift in Sources */,
				7431B90220F4321700AA7FF9 /* CitiesViewModel.swift in Sources */,
				7431B8F820F403E700AA7FF9 /* Country.swift in Sources */,
				7431B90C20F5058E00AA7FF9 /* SelectCityViewController.swift in Sources */,
				7431B8FA20F40E0900AA7FF9 /* Repository.swift in Sources */,
				7431B8FC20F40FB700AA7FF9 /* APIEndpointConfig.swift in Sources */,
				7431B8DC20F3F1EA00AA7FF9 /* AppDelegate.swift in Sources */,
				7431B8F620F403BE00AA7FF9 /* City.swift in Sources */,
				7431B90020F4306B00AA7FF9 /* Constants.swift in Sources */,
			);
			runOnlyForDeploymentPostprocessing = 0;
		};
/* End PBXSourcesBuildPhase section */

/* Begin PBXVariantGroup section */
		7431B8DF20F3F1EA00AA7FF9 /* Main.storyboard */ = {
			isa = PBXVariantGroup;
			children = (
				7431B8E020F3F1EA00AA7FF9 /* Base */,
			);
			name = Main.storyboard;
			sourceTree = "<group>";
		};
		7431B8E420F3F1EC00AA7FF9 /* LaunchScreen.storyboard */ = {
			isa = PBXVariantGroup;
			children = (
				7431B8E520F3F1EC00AA7FF9 /* Base */,
			);
			name = LaunchScreen.storyboard;
			sourceTree = "<group>";
		};
/* End PBXVariantGroup section */

/* Begin XCBuildConfiguration section */
		7431B8E820F3F1EC00AA7FF9 /* Debug */ = {
			isa = XCBuildConfiguration;
			buildSettings = {
				ALWAYS_SEARCH_USER_PATHS = NO;
				CLANG_ANALYZER_NONNULL = YES;
				CLANG_ANALYZER_NUMBER_OBJECT_CONVERSION = YES_AGGRESSIVE;
				CLANG_CXX_LANGUAGE_STANDARD = "gnu++14";
				CLANG_CXX_LIBRARY = "libc++";
				CLANG_ENABLE_MODULES = YES;
				CLANG_ENABLE_OBJC_ARC = YES;
				CLANG_ENABLE_OBJC_WEAK = YES;
				CLANG_WARN_BLOCK_CAPTURE_AUTORELEASING = YES;
				CLANG_WARN_BOOL_CONVERSION = YES;
				CLANG_WARN_COMMA = YES;
				CLANG_WARN_CONSTANT_CONVERSION = YES;
				CLANG_WARN_DEPRECATED_OBJC_IMPLEMENTATIONS = YES;
				CLANG_WARN_DIRECT_OBJC_ISA_USAGE = YES_ERROR;
				CLANG_WARN_DOCUMENTATION_COMMENTS = YES;
				CLANG_WARN_EMPTY_BODY = YES;
				CLANG_WARN_ENUM_CONVERSION = YES;
				CLANG_WARN_INFINITE_RECURSION = YES;
				CLANG_WARN_INT_CONVERSION = YES;
				CLANG_WARN_NON_LITERAL_NULL_CONVERSION = YES;
				CLANG_WARN_OBJC_IMPLICIT_RETAIN_SELF = YES;
				CLANG_WARN_OBJC_LITERAL_CONVERSION = YES;
				CLANG_WARN_OBJC_ROOT_CLASS = YES_ERROR;
				CLANG_WARN_RANGE_LOOP_ANALYSIS = YES;
				CLANG_WARN_STRICT_PROTOTYPES = YES;
				CLANG_WARN_SUSPICIOUS_MOVE = YES;
				CLANG_WARN_UNGUARDED_AVAILABILITY = YES_AGGRESSIVE;
				CLANG_WARN_UNREACHABLE_CODE = YES;
				CLANG_WARN__DUPLICATE_METHOD_MATCH = YES;
				CODE_SIGN_IDENTITY = "iPhone Developer";
				COPY_PHASE_STRIP = NO;
				DEBUG_INFORMATION_FORMAT = dwarf;
				ENABLE_STRICT_OBJC_MSGSEND = YES;
				ENABLE_TESTABILITY = YES;
				GCC_C_LANGUAGE_STANDARD = gnu11;
				GCC_DYNAMIC_NO_PIC = NO;
				GCC_NO_COMMON_BLOCKS = YES;
				GCC_OPTIMIZATION_LEVEL = 0;
				GCC_PREPROCESSOR_DEFINITIONS = (
					"DEBUG=1",
					"$(inherited)",
				);
				GCC_WARN_64_TO_32_BIT_CONVERSION = YES;
				GCC_WARN_ABOUT_RETURN_TYPE = YES_ERROR;
				GCC_WARN_UNDECLARED_SELECTOR = YES;
				GCC_WARN_UNINITIALIZED_AUTOS = YES_AGGRESSIVE;
				GCC_WARN_UNUSED_FUNCTION = YES;
				GCC_WARN_UNUSED_VARIABLE = YES;
				IPHONEOS_DEPLOYMENT_TARGET = 11.4;
				MTL_ENABLE_DEBUG_INFO = YES;
				ONLY_ACTIVE_ARCH = YES;
				SDKROOT = iphoneos;
				SWIFT_ACTIVE_COMPILATION_CONDITIONS = DEBUG;
				SWIFT_OPTIMIZATION_LEVEL = "-Onone";
			};
			name = Debug;
		};
		7431B8E920F3F1EC00AA7FF9 /* Release */ = {
			isa = XCBuildConfiguration;
			buildSettings = {
				ALWAYS_SEARCH_USER_PATHS = NO;
				CLANG_ANALYZER_NONNULL = YES;
				CLANG_ANALYZER_NUMBER_OBJECT_CONVERSION = YES_AGGRESSIVE;
				CLANG_CXX_LANGUAGE_STANDARD = "gnu++14";
				CLANG_CXX_LIBRARY = "libc++";
				CLANG_ENABLE_MODULES = YES;
				CLANG_ENABLE_OBJC_ARC = YES;
				CLANG_ENABLE_OBJC_WEAK = YES;
				CLANG_WARN_BLOCK_CAPTURE_AUTORELEASING = YES;
				CLANG_WARN_BOOL_CONVERSION = YES;
				CLANG_WARN_COMMA = YES;
				CLANG_WARN_CONSTANT_CONVERSION = YES;
				CLANG_WARN_DEPRECATED_OBJC_IMPLEMENTATIONS = YES;
				CLANG_WARN_DIRECT_OBJC_ISA_USAGE = YES_ERROR;
				CLANG_WARN_DOCUMENTATION_COMMENTS = YES;
				CLANG_WARN_EMPTY_BODY = YES;
				CLANG_WARN_ENUM_CONVERSION = YES;
				CLANG_WARN_INFINITE_RECURSION = YES;
				CLANG_WARN_INT_CONVERSION = YES;
				CLANG_WARN_NON_LITERAL_NULL_CONVERSION = YES;
				CLANG_WARN_OBJC_IMPLICIT_RETAIN_SELF = YES;
				CLANG_WARN_OBJC_LITERAL_CONVERSION = YES;
				CLANG_WARN_OBJC_ROOT_CLASS = YES_ERROR;
				CLANG_WARN_RANGE_LOOP_ANALYSIS = YES;
				CLANG_WARN_STRICT_PROTOTYPES = YES;
				CLANG_WARN_SUSPICIOUS_MOVE = YES;
				CLANG_WARN_UNGUARDED_AVAILABILITY = YES_AGGRESSIVE;
				CLANG_WARN_UNREACHABLE_CODE = YES;
				CLANG_WARN__DUPLICATE_METHOD_MATCH = YES;
				CODE_SIGN_IDENTITY = "iPhone Developer";
				COPY_PHASE_STRIP = NO;
				DEBUG_INFORMATION_FORMAT = "dwarf-with-dsym";
				ENABLE_NS_ASSERTIONS = NO;
				ENABLE_STRICT_OBJC_MSGSEND = YES;
				GCC_C_LANGUAGE_STANDARD = gnu11;
				GCC_NO_COMMON_BLOCKS = YES;
				GCC_WARN_64_TO_32_BIT_CONVERSION = YES;
				GCC_WARN_ABOUT_RETURN_TYPE = YES_ERROR;
				GCC_WARN_UNDECLARED_SELECTOR = YES;
				GCC_WARN_UNINITIALIZED_AUTOS = YES_AGGRESSIVE;
				GCC_WARN_UNUSED_FUNCTION = YES;
				GCC_WARN_UNUSED_VARIABLE = YES;
				IPHONEOS_DEPLOYMENT_TARGET = 11.4;
				MTL_ENABLE_DEBUG_INFO = NO;
				SDKROOT = iphoneos;
				SWIFT_COMPILATION_MODE = wholemodule;
				SWIFT_OPTIMIZATION_LEVEL = "-O";
				VALIDATE_PRODUCT = YES;
			};
			name = Release;
		};
		7431B8EB20F3F1EC00AA7FF9 /* Debug */ = {
			isa = XCBuildConfiguration;
			baseConfigurationReference = CBDC46A2059F1B469C728E62 /* Pods-GlovoChallenge.debug.xcconfig */;
			buildSettings = {
				ASSETCATALOG_COMPILER_APPICON_NAME = AppIcon;
				CODE_SIGN_STYLE = Automatic;
				DEVELOPMENT_TEAM = U4B5SM67ER;
				INFOPLIST_FILE = GlovoChallenge/Info.plist;
				LD_RUNPATH_SEARCH_PATHS = (
					"$(inherited)",
					"@executable_path/Frameworks",
				);
				PRODUCT_BUNDLE_IDENTIFIER = com.jsolalla.GlovoChallenge;
				PRODUCT_NAME = "$(TARGET_NAME)";
				SWIFT_VERSION = 4.0;
				TARGETED_DEVICE_FAMILY = "1,2";
			};
			name = Debug;
		};
		7431B8EC20F3F1EC00AA7FF9 /* Release */ = {
			isa = XCBuildConfiguration;
			baseConfigurationReference = BDD3B2991CA96211B488D3B2 /* Pods-GlovoChallenge.release.xcconfig */;
			buildSettings = {
				ASSETCATALOG_COMPILER_APPICON_NAME = AppIcon;
				CODE_SIGN_STYLE = Automatic;
				DEVELOPMENT_TEAM = U4B5SM67ER;
				INFOPLIST_FILE = GlovoChallenge/Info.plist;
				LD_RUNPATH_SEARCH_PATHS = (
					"$(inherited)",
					"@executable_path/Frameworks",
				);
				PRODUCT_BUNDLE_IDENTIFIER = com.jsolalla.GlovoChallenge;
				PRODUCT_NAME = "$(TARGET_NAME)";
				SWIFT_VERSION = 4.0;
				TARGETED_DEVICE_FAMILY = "1,2";
			};
			name = Release;
		};
/* End XCBuildConfiguration section */

/* Begin XCConfigurationList section */
		7431B8D320F3F1EA00AA7FF9 /* Build configuration list for PBXProject "GlovoChallenge" */ = {
			isa = XCConfigurationList;
			buildConfigurations = (
				7431B8E820F3F1EC00AA7FF9 /* Debug */,
				7431B8E920F3F1EC00AA7FF9 /* Release */,
			);
			defaultConfigurationIsVisible = 0;
			defaultConfigurationName = Release;
		};
		7431B8EA20F3F1EC00AA7FF9 /* Build configuration list for PBXNativeTarget "GlovoChallenge" */ = {
			isa = XCConfigurationList;
			buildConfigurations = (
				7431B8EB20F3F1EC00AA7FF9 /* Debug */,
				7431B8EC20F3F1EC00AA7FF9 /* Release */,
			);
			defaultConfigurationIsVisible = 0;
			defaultConfigurationName = Release;
		};
/* End XCConfigurationList section */
	};
	rootObject = 7431B8D020F3F1EA00AA7FF9 /* Project object */;
}
